
Microsoft Visual Studio Solution File, Format Version 12.00
# Visual Studio Version 17
VisualStudioVersion = 17.6.33723.286
MinimumVisualStudioVersion = 10.0.40219.1
Project("{9A19103F-16F7-4668-BE54-9A1E7A4F7556}") = "ChessWebsite", "ChessWebsite\ChessWebsite.csproj", "{84036393-5381-4AF3-8E98-2C2D66AC811C}"
EndProject
Global
	GlobalSection(SolutionConfigurationPlatforms) = preSolution
		Debug|Any CPU = Debug|Any CPU
		Release|Any CPU = Release|Any CPU
	EndGlobalSection
	GlobalSection(ProjectConfigurationPlatforms) = postSolution
		{84036393-5381-4AF3-8E98-2C2D66AC811C}.Debug|Any CPU.ActiveCfg = Debug|Any CPU
		{84036393-5381-4AF3-8E98-2C2D66AC811C}.Debug|Any CPU.Build.0 = Debug|Any CPU
		{84036393-5381-4AF3-8E98-2C2D66AC811C}.Release|Any CPU.ActiveCfg = Release|Any CPU
		{84036393-5381-4AF3-8E98-2C2D66AC811C}.Release|Any CPU.Build.0 = Release|Any CPU
	EndGlobalSection
	GlobalSection(SolutionProperties) = preSolution
		HideSolutionNode = FALSE
	EndGlobalSection
	GlobalSection(ExtensibilityGlobals) = postSolution
		SolutionGuid = {18C22FDA-EE94-4C2B-8FE8-83F347FD92E5}
	EndGlobalSection
EndGlobal
